{
  "lockfileVersion": 1,
  "dependencies": {
    "cordova-plugin-facebook4": {
      "version": "1.9.1",
      "resolved": "https://registry.npmjs.org/cordova-plugin-facebook4/-/cordova-plugin-facebook4-1.9.1.tgz",
      "integrity": "sha512-B45qw+Z+GT2iIQWeF8M9EvmAzoi6Akems0FHq/dum9gRfl0uekgdaFTKiPZNgP1Q8BsC8xJU+VkhtRxsiT9gTw=="
    }
  }
}
